
Microsoft Visual Studio Solution File, Format Version 12.00
# Visual Studio Version 17
VisualStudioVersion = 17.10.34916.146
MinimumVisualStudioVersion = 10.0.40219.1
Project("{9A19103F-16F7-4668-BE54-9A1E7A4F7556}") = "TwoScreensOneCup", "TwoScreensOneCup\TwoScreensOneCup.csproj", "{9F48E78A-1AE6-4275-84A5-2CAC58F2532C}"
EndProject
Project("{54435603-DBB4-11D2-8724-00A0C9A8B90C}") = "Installer", "Installer\Installer.vdproj", "{B652E65D-F245-46A7-81EE-1491ABF49FF5}"
EndProject
Global
	GlobalSection(SolutionConfigurationPlatforms) = preSolution
		Debug|Any CPU = Debug|Any CPU
		Release|Any CPU = Release|Any CPU
	EndGlobalSection
	GlobalSection(ProjectConfigurationPlatforms) = postSolution
		{9F48E78A-1AE6-4275-84A5-2CAC58F2532C}.Debug|Any CPU.ActiveCfg = Debug|Any CPU
		{9F48E78A-1AE6-4275-84A5-2CAC58F2532C}.Debug|Any CPU.Build.0 = Debug|Any CPU
		{9F48E78A-1AE6-4275-84A5-2CAC58F2532C}.Release|Any CPU.ActiveCfg = Release|Any CPU
		{9F48E78A-1AE6-4275-84A5-2CAC58F2532C}.Release|Any CPU.Build.0 = Release|Any CPU
		{B652E65D-F245-46A7-81EE-1491ABF49FF5}.Debug|Any CPU.ActiveCfg = Debug
		{B652E65D-F245-46A7-81EE-1491ABF49FF5}.Release|Any CPU.ActiveCfg = Release
	EndGlobalSection
	GlobalSection(SolutionProperties) = preSolution
		HideSolutionNode = FALSE
	EndGlobalSection
	GlobalSection(ExtensibilityGlobals) = postSolution
		SolutionGuid = {4673A979-BF70-4AC7-A5C0-27EC3B38DE1F}
	EndGlobalSection
EndGlobal
